
Microsoft Visual Studio Solution File, Format Version 12.00
# Visual Studio Version 17
VisualStudioVersion = 17.7.34024.191
MinimumVisualStudioVersion = 10.0.40219.1
Project("{9A19103F-16F7-4668-BE54-9A1E7A4F7556}") = "RandevuSistem", "RandevuSistem\RandevuSistem.csproj", "{6CB953F3-E08D-4FAE-8084-220398469489}"
EndProject
Project("{2150E333-8FDC-42A3-9474-1A3956D46DE8}") = "Çözüm Öğeleri", "Çözüm Öğeleri", "{34424EF2-D9BA-460F-BAB9-AA097644CEC5}"
EndProject
Global
	GlobalSection(SolutionConfigurationPlatforms) = preSolution
		Debug|Any CPU = Debug|Any CPU
		Release|Any CPU = Release|Any CPU
	EndGlobalSection
	GlobalSection(ProjectConfigurationPlatforms) = postSolution
		{6CB953F3-E08D-4FAE-8084-220398469489}.Debug|Any CPU.ActiveCfg = Debug|Any CPU
		{6CB953F3-E08D-4FAE-8084-220398469489}.Debug|Any CPU.Build.0 = Debug|Any CPU
		{6CB953F3-E08D-4FAE-8084-220398469489}.Release|Any CPU.ActiveCfg = Release|Any CPU
		{6CB953F3-E08D-4FAE-8084-220398469489}.Release|Any CPU.Build.0 = Release|Any CPU
	EndGlobalSection
	GlobalSection(SolutionProperties) = preSolution
		HideSolutionNode = FALSE
	EndGlobalSection
	GlobalSection(ExtensibilityGlobals) = postSolution
		SolutionGuid = {D2420709-1805-4832-BFFA-83DCC7C6A5B7}
	EndGlobalSection
EndGlobal
